
Microsoft Visual Studio Solution File, Format Version 12.00
# Visual Studio Version 17
VisualStudioVersion = 17.4.33122.133
MinimumVisualStudioVersion = 10.0.40219.1
Project("{9A19103F-16F7-4668-BE54-9A1E7A4F7556}") = "TundraEngine.Avalon", "TaigaEngine.Avalon\TundraEngine.Avalon.csproj", "{EAF8A13F-D5BF-4B45-8F03-58E16C8713C2}"
EndProject
Project("{9A19103F-16F7-4668-BE54-9A1E7A4F7556}") = "TundraEngine", "TundraEngine\TundraEngine.csproj", "{AD7DBE42-D545-40FF-89AA-905C4B00037C}"
EndProject
Project("{9A19103F-16F7-4668-BE54-9A1E7A4F7556}") = "TestGame1", "TestGame1\TestGame1.csproj", "{B7950FA4-9D4B-4DD5-8030-A43EE160A05E}"
EndProject
Project("{9A19103F-16F7-4668-BE54-9A1E7A4F7556}") = "TundraEngine.Runtime", "TundraEngine.Runner\TundraEngine.Runtime.csproj", "{E4C75479-5542-44A4-B4CE-6E05FE3EB8E5}"
EndProject
Project("{9A19103F-16F7-4668-BE54-9A1E7A4F7556}") = "Tamarix", "..\Tamarix\Tamarix\Tamarix.csproj", "{65F051BB-50D2-4E7B-9510-C3D0D5FA2489}"
EndProject
Global
	GlobalSection(SolutionConfigurationPlatforms) = preSolution
		Debug|Any CPU = Debug|Any CPU
		Release|Any CPU = Release|Any CPU
	EndGlobalSection
	GlobalSection(ProjectConfigurationPlatforms) = postSolution
		{EAF8A13F-D5BF-4B45-8F03-58E16C8713C2}.Debug|Any CPU.ActiveCfg = Debug|Any CPU
		{EAF8A13F-D5BF-4B45-8F03-58E16C8713C2}.Debug|Any CPU.Build.0 = Debug|Any CPU
		{EAF8A13F-D5BF-4B45-8F03-58E16C8713C2}.Release|Any CPU.ActiveCfg = Release|Any CPU
		{EAF8A13F-D5BF-4B45-8F03-58E16C8713C2}.Release|Any CPU.Build.0 = Release|Any CPU
		{AD7DBE42-D545-40FF-89AA-905C4B00037C}.Debug|Any CPU.ActiveCfg = Debug|Any CPU
		{AD7DBE42-D545-40FF-89AA-905C4B00037C}.Debug|Any CPU.Build.0 = Debug|Any CPU
		{AD7DBE42-D545-40FF-89AA-905C4B00037C}.Release|Any CPU.ActiveCfg = Release|Any CPU
		{AD7DBE42-D545-40FF-89AA-905C4B00037C}.Release|Any CPU.Build.0 = Release|Any CPU
		{B7950FA4-9D4B-4DD5-8030-A43EE160A05E}.Debug|Any CPU.ActiveCfg = Debug|Any CPU
		{B7950FA4-9D4B-4DD5-8030-A43EE160A05E}.Debug|Any CPU.Build.0 = Debug|Any CPU
		{B7950FA4-9D4B-4DD5-8030-A43EE160A05E}.Release|Any CPU.ActiveCfg = Release|Any CPU
		{B7950FA4-9D4B-4DD5-8030-A43EE160A05E}.Release|Any CPU.Build.0 = Release|Any CPU
		{E4C75479-5542-44A4-B4CE-6E05FE3EB8E5}.Debug|Any CPU.ActiveCfg = Debug|Any CPU
		{E4C75479-5542-44A4-B4CE-6E05FE3EB8E5}.Debug|Any CPU.Build.0 = Debug|Any CPU
		{E4C75479-5542-44A4-B4CE-6E05FE3EB8E5}.Release|Any CPU.ActiveCfg = Release|Any CPU
		{E4C75479-5542-44A4-B4CE-6E05FE3EB8E5}.Release|Any CPU.Build.0 = Release|Any CPU
		{65F051BB-50D2-4E7B-9510-C3D0D5FA2489}.Debug|Any CPU.ActiveCfg = Debug|Any CPU
		{65F051BB-50D2-4E7B-9510-C3D0D5FA2489}.Debug|Any CPU.Build.0 = Debug|Any CPU
		{65F051BB-50D2-4E7B-9510-C3D0D5FA2489}.Release|Any CPU.ActiveCfg = Release|Any CPU
		{65F051BB-50D2-4E7B-9510-C3D0D5FA2489}.Release|Any CPU.Build.0 = Release|Any CPU
	EndGlobalSection
	GlobalSection(SolutionProperties) = preSolution
		HideSolutionNode = FALSE
	EndGlobalSection
	GlobalSection(ExtensibilityGlobals) = postSolution
		SolutionGuid = {AFC91464-A3E3-40E5-9996-63134E29CE23}
	EndGlobalSection
EndGlobal
